
Microsoft Visual Studio Solution File, Format Version 12.00
# Visual Studio Version 16
VisualStudioVersion = 16.0.29318.209
MinimumVisualStudioVersion = 10.0.40219.1
Project("{FAE04EC0-301F-11D3-BF4B-00C04F79EFBC}") = "Producer", "Producer\Producer.csproj", "{538D0D52-7AA1-4FBD-87A9-5D1B9147FEBD}"
EndProject
Global
	GlobalSection(SolutionConfigurationPlatforms) = preSolution
		Debug|Any CPU = Debug|Any CPU
		Release|Any CPU = Release|Any CPU
	EndGlobalSection
	GlobalSection(ProjectConfigurationPlatforms) = postSolution
		{538D0D52-7AA1-4FBD-87A9-5D1B9147FEBD}.Debug|Any CPU.ActiveCfg = Debug|Any CPU
		{538D0D52-7AA1-4FBD-87A9-5D1B9147FEBD}.Debug|Any CPU.Build.0 = Debug|Any CPU
		{538D0D52-7AA1-4FBD-87A9-5D1B9147FEBD}.Release|Any CPU.ActiveCfg = Release|Any CPU
		{538D0D52-7AA1-4FBD-87A9-5D1B9147FEBD}.Release|Any CPU.Build.0 = Release|Any CPU
	EndGlobalSection
	GlobalSection(SolutionProperties) = preSolution
		HideSolutionNode = FALSE
	EndGlobalSection
	GlobalSection(ExtensibilityGlobals) = postSolution
		SolutionGuid = {2BD430D9-489A-42C4-8753-A2A3CC2BC506}
	EndGlobalSection
EndGlobal
